
Microsoft Visual Studio Solution File, Format Version 12.00
# Visual Studio Version 17
VisualStudioVersion = 17.9.34701.34
MinimumVisualStudioVersion = 10.0.40219.1
Project("{F184B08F-C81C-45F6-A57F-5ABD9991F28F}") = "FeedbackProject", "FeedbackProject\FeedbackProject.vbproj", "{EC29B845-1DAD-4F77-8C37-AFB3F69FD295}"
EndProject
Global
	GlobalSection(SolutionConfigurationPlatforms) = preSolution
		Debug|Any CPU = Debug|Any CPU
		Release|Any CPU = Release|Any CPU
	EndGlobalSection
	GlobalSection(ProjectConfigurationPlatforms) = postSolution
		{EC29B845-1DAD-4F77-8C37-AFB3F69FD295}.Debug|Any CPU.ActiveCfg = Debug|Any CPU
		{EC29B845-1DAD-4F77-8C37-AFB3F69FD295}.Debug|Any CPU.Build.0 = Debug|Any CPU
		{EC29B845-1DAD-4F77-8C37-AFB3F69FD295}.Release|Any CPU.ActiveCfg = Release|Any CPU
		{EC29B845-1DAD-4F77-8C37-AFB3F69FD295}.Release|Any CPU.Build.0 = Release|Any CPU
	EndGlobalSection
	GlobalSection(SolutionProperties) = preSolution
		HideSolutionNode = FALSE
	EndGlobalSection
	GlobalSection(ExtensibilityGlobals) = postSolution
		SolutionGuid = {11F046DE-C822-4A0C-B64D-E7C8C197A212}
	EndGlobalSection
EndGlobal
